
Microsoft Visual Studio Solution File, Format Version 12.00
# Visual Studio Version 17
VisualStudioVersion = 17.4.33403.182
MinimumVisualStudioVersion = 10.0.40219.1
Project("{FAE04EC0-301F-11D3-BF4B-00C04F79EFBC}") = "ShoppingApp.Domain", "ShoppingApp.Domain\ShoppingApp.Domain.csproj", "{81D4F21D-88AC-4DCD-AF30-F6412424EADF}"
EndProject
Project("{FAE04EC0-301F-11D3-BF4B-00C04F79EFBC}") = "ShoppingApp.EF", "ShoppingApp.EF\ShoppingApp.EF.csproj", "{C4A335D2-E290-4CBC-9708-6CAD10E0C378}"
EndProject
Project("{FAE04EC0-301F-11D3-BF4B-00C04F79EFBC}") = "ShoppingApp_API", "ShoppingApp_API\ShoppingApp_API.csproj", "{F749FAC7-7C06-446E-B594-C0D05FCA695E}"
EndProject
Global
	GlobalSection(SolutionConfigurationPlatforms) = preSolution
		Debug|Any CPU = Debug|Any CPU
		Release|Any CPU = Release|Any CPU
	EndGlobalSection
	GlobalSection(ProjectConfigurationPlatforms) = postSolution
		{81D4F21D-88AC-4DCD-AF30-F6412424EADF}.Debug|Any CPU.ActiveCfg = Debug|Any CPU
		{81D4F21D-88AC-4DCD-AF30-F6412424EADF}.Debug|Any CPU.Build.0 = Debug|Any CPU
		{81D4F21D-88AC-4DCD-AF30-F6412424EADF}.Release|Any CPU.ActiveCfg = Release|Any CPU
		{81D4F21D-88AC-4DCD-AF30-F6412424EADF}.Release|Any CPU.Build.0 = Release|Any CPU
		{C4A335D2-E290-4CBC-9708-6CAD10E0C378}.Debug|Any CPU.ActiveCfg = Debug|Any CPU
		{C4A335D2-E290-4CBC-9708-6CAD10E0C378}.Debug|Any CPU.Build.0 = Debug|Any CPU
		{C4A335D2-E290-4CBC-9708-6CAD10E0C378}.Release|Any CPU.ActiveCfg = Release|Any CPU
		{C4A335D2-E290-4CBC-9708-6CAD10E0C378}.Release|Any CPU.Build.0 = Release|Any CPU
		{F749FAC7-7C06-446E-B594-C0D05FCA695E}.Debug|Any CPU.ActiveCfg = Debug|Any CPU
		{F749FAC7-7C06-446E-B594-C0D05FCA695E}.Debug|Any CPU.Build.0 = Debug|Any CPU
		{F749FAC7-7C06-446E-B594-C0D05FCA695E}.Release|Any CPU.ActiveCfg = Release|Any CPU
		{F749FAC7-7C06-446E-B594-C0D05FCA695E}.Release|Any CPU.Build.0 = Release|Any CPU
	EndGlobalSection
	GlobalSection(SolutionProperties) = preSolution
		HideSolutionNode = FALSE
	EndGlobalSection
	GlobalSection(ExtensibilityGlobals) = postSolution
		SolutionGuid = {04B0F46B-2BC3-42C8-9EDE-68260522731A}
	EndGlobalSection
EndGlobal
